
Microsoft Visual Studio Solution File, Format Version 12.00
# Visual Studio Version 16
VisualStudioVersion = 16.0.810.9
MinimumVisualStudioVersion = 10.0.40219.1
Project("{FAE04EC0-301F-11D3-BF4B-00C04F79EFBC}") = "Assignment4", "Assignment4\Assignment4.csproj", "{4B8A372F-C33E-4C26-A715-4A65CAB7983B}"
EndProject
Global
	GlobalSection(SolutionConfigurationPlatforms) = preSolution
		Debug|Any CPU = Debug|Any CPU
		Release|Any CPU = Release|Any CPU
	EndGlobalSection
	GlobalSection(ProjectConfigurationPlatforms) = postSolution
		{4B8A372F-C33E-4C26-A715-4A65CAB7983B}.Debug|Any CPU.ActiveCfg = Debug|Any CPU
		{4B8A372F-C33E-4C26-A715-4A65CAB7983B}.Debug|Any CPU.Build.0 = Debug|Any CPU
		{4B8A372F-C33E-4C26-A715-4A65CAB7983B}.Release|Any CPU.ActiveCfg = Release|Any CPU
		{4B8A372F-C33E-4C26-A715-4A65CAB7983B}.Release|Any CPU.Build.0 = Release|Any CPU
	EndGlobalSection
	GlobalSection(SolutionProperties) = preSolution
		HideSolutionNode = FALSE
	EndGlobalSection
	GlobalSection(ExtensibilityGlobals) = postSolution
		SolutionGuid = {94C86E9E-5F39-4C71-B34E-CEA7F707ACD7}
	EndGlobalSection
EndGlobal
